PODS:
  - Kingfisher (4.2.0)
  - M13Checkbox (3.2.1)

DEPENDENCIES:
  - Kingfisher (~> 4.0)
  - M13Checkbox

SPEC CHECKSUMS:
  Kingfisher: 9ee7e788d8ba07c3f21ce0d43f33cec310a4f781
  M13Checkbox: 12376f5b128189432508c240e4a36dc945ab7e4e

PODFILE CHECKSUM: 1ecf36a97f665544d99c09bf928c676d29a559ad

COCOAPODS: 1.1.1
