// !$*UTF8*$!
{
	archiveVersion = 1;
	classes = {
	};
	objectVersion = 48;
	objects = {

/* Begin PBXBuildFile section */
		43E8978CCEB45EB7D7CE6286 /* Pods_BlueCartUITests.framework in Frameworks */ = {isa = PBXBuildFile; fileRef = E7EEE5721A81F42A4F3603CB /* Pods_BlueCartUITests.framework */; };
		557FB5DD1FBE5B7F00A1FB1E /* SaveRecipes.swift in Sources */ = {isa = PBXBuildFile; fileRef = 557FB5DC1FBE5B7F00A1FB1E /* SaveRecipes.swift */; };
		559029651FB41A0E0055E9D9 /* DataManager.swift in Sources */ = {isa = PBXBuildFile; fileRef = 559029641FB41A0E0055E9D9 /* DataManager.swift */; };
		5590296B1FB41FC10055E9D9 /* Box.swift in Sources */ = {isa = PBXBuildFile; fileRef = 5590296A1FB41FC10055E9D9 /* Box.swift */; };
		5590296D1FB41FFB0055E9D9 /* RecipeTableViewModel.swift in Sources */ = {isa = PBXBuildFile; fileRef = 5590296C1FB41FFB0055E9D9 /* RecipeTableViewModel.swift */; };
		5590296F1FB4AC320055E9D9 /* recipes.json in Resources */ = {isa = PBXBuildFile; fileRef = 5590296E1FB4AC320055E9D9 /* recipes.json */; };
		559029711FB4B0520055E9D9 /* APIKey.swift in Sources */ = {isa = PBXBuildFile; fileRef = 559029701FB4B0520055E9D9 /* APIKey.swift */; };
		55B35E231FB573DA00061C11 /* RecipeDetailViewModel.swift in Sources */ = {isa = PBXBuildFile; fileRef = 55B35E221FB573DA00061C11 /* RecipeDetailViewModel.swift */; };
		55B35E261FB6B59900061C11 /* IngredientsTableViewCell.swift in Sources */ = {isa = PBXBuildFile; fileRef = 55B35E251FB6B59900061C11 /* IngredientsTableViewCell.swift */; };
		55BDEAF41FB1357D00CE4AB8 /* AppDelegate.swift in Sources */ = {isa = PBXBuildFile; fileRef = 55BDEAF31FB1357D00CE4AB8 /* AppDelegate.swift */; };
		55BDEAF91FB1357D00CE4AB8 /* Main.storyboard in Resources */ = {isa = PBXBuildFile; fileRef = 55BDEAF71FB1357D00CE4AB8 /* Main.storyboard */; };
		55BDEAFC1FB1357D00CE4AB8 /* BlueCart.xcdatamodeld in Sources */ = {isa = PBXBuildFile; fileRef = 55BDEAFA1FB1357D00CE4AB8 /* BlueCart.xcdatamodeld */; };
		55BDEAFE1FB1357D00CE4AB8 /* Assets.xcassets in Resources */ = {isa = PBXBuildFile; fileRef = 55BDEAFD1FB1357D00CE4AB8 /* Assets.xcassets */; };
		55BDEB011FB1357D00CE4AB8 /* LaunchScreen.storyboard in Resources */ = {isa = PBXBuildFile; fileRef = 55BDEAFF1FB1357D00CE4AB8 /* LaunchScreen.storyboard */; };
		55BDEB0C1FB1357D00CE4AB8 /* BlueCartTests.swift in Sources */ = {isa = PBXBuildFile; fileRef = 55BDEB0B1FB1357D00CE4AB8 /* BlueCartTests.swift */; };
		55BDEB171FB1357D00CE4AB8 /* BlueCartUITests.swift in Sources */ = {isa = PBXBuildFile; fileRef = 55BDEB161FB1357D00CE4AB8 /* BlueCartUITests.swift */; };
		55BDEB2B1FB1366100CE4AB8 /* APIManager.swift in Sources */ = {isa = PBXBuildFile; fileRef = 55BDEB2A1FB1366100CE4AB8 /* APIManager.swift */; };
		55BDEB2D1FB1368100CE4AB8 /* Request.swift in Sources */ = {isa = PBXBuildFile; fileRef = 55BDEB2C1FB1368100CE4AB8 /* Request.swift */; };
		55BDEB2F1FB13D6700CE4AB8 /* RecipeTableVC.swift in Sources */ = {isa = PBXBuildFile; fileRef = 55BDEB2E1FB13D6700CE4AB8 /* RecipeTableVC.swift */; };
		55BDEB311FB141AC00CE4AB8 /* RecipeTableViewCell.swift in Sources */ = {isa = PBXBuildFile; fileRef = 55BDEB301FB141AC00CE4AB8 /* RecipeTableViewCell.swift */; };
		55BDEB341FB145DF00CE4AB8 /* Constants.swift in Sources */ = {isa = PBXBuildFile; fileRef = 55BDEB331FB145DF00CE4AB8 /* Constants.swift */; };
		55BDEB381FB1649C00CE4AB8 /* Colors.swift in Sources */ = {isa = PBXBuildFile; fileRef = 55BDEB371FB1649C00CE4AB8 /* Colors.swift */; };
		55BDEB3A1FB169E300CE4AB8 /* .gitignore in Resources */ = {isa = PBXBuildFile; fileRef = 55BDEB391FB169E300CE4AB8 /* .gitignore */; };
		55BDEB3C1FB17C7000CE4AB8 /* RecipeDetailVC.swift in Sources */ = {isa = PBXBuildFile; fileRef = 55BDEB3B1FB17C7000CE4AB8 /* RecipeDetailVC.swift */; };
		55BDEB3F1FB183FB00CE4AB8 /* Extensions.swift in Sources */ = {isa = PBXBuildFile; fileRef = 55BDEB3E1FB183FB00CE4AB8 /* Extensions.swift */; };
		55BDEB411FB1855D00CE4AB8 /* Recipe.swift in Sources */ = {isa = PBXBuildFile; fileRef = 55BDEB401FB1855D00CE4AB8 /* Recipe.swift */; };
		55CE457A1FB8F31500E4ED1E /* NoNetworkView.swift in Sources */ = {isa = PBXBuildFile; fileRef = 55CE45791FB8F31500E4ED1E /* NoNetworkView.swift */; };
		55CE457C1FB918B200E4ED1E /* README.md in Resources */ = {isa = PBXBuildFile; fileRef = 55CE457B1FB918B200E4ED1E /* README.md */; };
		55CE45861FB97EDA00E4ED1E /* Recipes.jpg in Resources */ = {isa = PBXBuildFile; fileRef = 55CE45831FB97ED900E4ED1E /* Recipes.jpg */; };
		55CE45881FB97EDA00E4ED1E /* recipeDetail.jpg in Resources */ = {isa = PBXBuildFile; fileRef = 55CE45851FB97EDA00E4ED1E /* recipeDetail.jpg */; };
		55CE458A1FBA5BF400E4ED1E /* searchTerms.jpg in Resources */ = {isa = PBXBuildFile; fileRef = 55CE45891FBA5BF400E4ED1E /* searchTerms.jpg */; };
		55CE458C1FBA64C000E4ED1E /* Design.jpg in Resources */ = {isa = PBXBuildFile; fileRef = 55CE458B1FBA64C000E4ED1E /* Design.jpg */; };
		A8FE30BCE827352DDDAD25FE /* Pods_BlueCartTests.framework in Frameworks */ = {isa = PBXBuildFile; fileRef = 0240F110D031172D3A07E793 /* Pods_BlueCartTests.framework */; };
		D599158940DA425634219BE1 /* Pods_BlueCart.framework in Frameworks */ = {isa = PBXBuildFile; fileRef = 86F2FFB4503284ABB54E967F /* Pods_BlueCart.framework */; };
/* End PBXBuildFile section */

/* Begin PBXContainerItemProxy section */
		55BDEB081FB1357D00CE4AB8 /* PBXContainerItemProxy */ = {
			isa = PBXContainerItemProxy;
			containerPortal = 55BDEAE81FB1357D00CE4AB8 /* Project object */;
			proxyType = 1;
			remoteGlobalIDString = 55BDEAEF1FB1357D00CE4AB8;
			remoteInfo = BlueCart;
		};
		55BDEB131FB1357D00CE4AB8 /* PBXContainerItemProxy */ = {
			isa = PBXContainerItemProxy;
			containerPortal = 55BDEAE81FB1357D00CE4AB8 /* Project object */;
			proxyType = 1;
			remoteGlobalIDString = 55BDEAEF1FB1357D00CE4AB8;
			remoteInfo = BlueCart;
		};
/* End PBXContainerItemProxy section */

/* Begin PBXFileReference section */
		0240F110D031172D3A07E793 /* Pods_BlueCartTests.framework */ = {isa = PBXFileReference; explicitFileType = wrapper.framework; includeInIndex = 0; path = Pods_BlueCartTests.framework; sourceTree = BUILT_PRODUCTS_DIR; };
		1D2A05528EA7A9939F80C036 /* Pods-BlueCartUITests.release.xcconfig */ = {isa = PBXFileReference; includeInIndex = 1; lastKnownFileType = text.xcconfig; name = "Pods-BlueCartUITests.release.xcconfig"; path = "Pods/Target Support Files/Pods-BlueCartUITests/Pods-BlueCartUITests.release.xcconfig"; sourceTree = "<group>"; };
		1FB0D0D0DD2A62CC70A404B6 /* Pods-BlueCart.debug.xcconfig */ = {isa = PBXFileReference; includeInIndex = 1; lastKnownFileType = text.xcconfig; name = "Pods-BlueCart.debug.xcconfig"; path = "Pods/Target Support Files/Pods-BlueCart/Pods-BlueCart.debug.xcconfig"; sourceTree = "<group>"; };
		50351834EDB0CC0BFBF258A2 /* Pods-BlueCart.release.xcconfig */ = {isa = PBXFileReference; includeInIndex = 1; lastKnownFileType = text.xcconfig; name = "Pods-BlueCart.release.xcconfig"; path = "Pods/Target Support Files/Pods-BlueCart/Pods-BlueCart.release.xcconfig"; sourceTree = "<group>"; };
		557FB5DC1FBE5B7F00A1FB1E /* SaveRecipes.swift */ = {isa = PBXFileReference; lastKnownFileType = sourcecode.swift; path = SaveRecipes.swift; sourceTree = "<group>"; };
		559029641FB41A0E0055E9D9 /* DataManager.swift */ = {isa = PBXFileReference; lastKnownFileType = sourcecode.swift; path = DataManager.swift; sourceTree = "<group>"; };
		5590296A1FB41FC10055E9D9 /* Box.swift */ = {isa = PBXFileReference; lastKnownFileType = sourcecode.swift; path = Box.swift; sourceTree = "<group>"; };
		5590296C1FB41FFB0055E9D9 /* RecipeTableViewModel.swift */ = {isa = PBXFileReference; lastKnownFileType = sourcecode.swift; path = RecipeTableViewModel.swift; sourceTree = "<group>"; };
		5590296E1FB4AC320055E9D9 /* recipes.json */ = {isa = PBXFileReference; fileEncoding = 4; lastKnownFileType = text.json; path = recipes.json; sourceTree = "<group>"; };
		559029701FB4B0520055E9D9 /* APIKey.swift */ = {isa = PBXFileReference; lastKnownFileType = sourcecode.swift; path = APIKey.swift; sourceTree = "<group>"; };
		55B35E221FB573DA00061C11 /* RecipeDetailViewModel.swift */ = {isa = PBXFileReference; lastKnownFileType = sourcecode.swift; path = RecipeDetailViewModel.swift; sourceTree = "<group>"; };
		55B35E251FB6B59900061C11 /* IngredientsTableViewCell.swift */ = {isa = PBXFileReference; lastKnownFileType = sourcecode.swift; path = IngredientsTableViewCell.swift; sourceTree = "<group>"; };
		55BDEAF01FB1357D00CE4AB8 /* Recipe Finder.app */ = {isa = PBXFileReference; explicitFileType = wrapper.application; includeInIndex = 0; path = "Recipe Finder.app"; sourceTree = BUILT_PRODUCTS_DIR; };
		55BDEAF31FB1357D00CE4AB8 /* AppDelegate.swift */ = {isa = PBXFileReference; lastKnownFileType = sourcecode.swift; path = AppDelegate.swift; sourceTree = "<group>"; };
		55BDEAF81FB1357D00CE4AB8 /* Base */ = {isa = PBXFileReference; lastKnownFileType = file.storyboard; name = Base; path = Base.lproj/Main.storyboard; sourceTree = "<group>"; };
		55BDEAFB1FB1357D00CE4AB8 /* BlueCart.xcdatamodel */ = {isa = PBXFileReference; lastKnownFileType = wrapper.xcdatamodel; path = BlueCart.xcdatamodel; sourceTree = "<group>"; };
		55BDEAFD1FB1357D00CE4AB8 /* Assets.xcassets */ = {isa = PBXFileReference; lastKnownFileType = folder.assetcatalog; path = Assets.xcassets; sourceTree = "<group>"; };
		55BDEB001FB1357D00CE4AB8 /* Base */ = {isa = PBXFileReference; lastKnownFileType = file.storyboard; name = Base; path = Base.lproj/LaunchScreen.storyboard; sourceTree = "<group>"; };
		55BDEB021FB1357D00CE4AB8 /* Info.plist */ = {isa = PBXFileReference; lastKnownFileType = text.plist.xml; path = Info.plist; sourceTree = "<group>"; };
		55BDEB071FB1357D00CE4AB8 /* BlueCartTests.xctest */ = {isa = PBXFileReference; explicitFileType = wrapper.cfbundle; includeInIndex = 0; path = BlueCartTests.xctest; sourceTree = BUILT_PRODUCTS_DIR; };
		55BDEB0B1FB1357D00CE4AB8 /* BlueCartTests.swift */ = {isa = PBXFileReference; lastKnownFileType = sourcecode.swift; path = BlueCartTests.swift; sourceTree = "<group>"; };
		55BDEB0D1FB1357D00CE4AB8 /* Info.plist */ = {isa = PBXFileReference; lastKnownFileType = text.plist.xml; path = Info.plist; sourceTree = "<group>"; };
		55BDEB121FB1357D00CE4AB8 /* BlueCartUITests.xctest */ = {isa = PBXFileReference; explicitFileType = wrapper.cfbundle; includeInIndex = 0; path = BlueCartUITests.xctest; sourceTree = BUILT_PRODUCTS_DIR; };
		55BDEB161FB1357D00CE4AB8 /* BlueCartUITests.swift */ = {isa = PBXFileReference; lastKnownFileType = sourcecode.swift; path = BlueCartUITests.swift; sourceTree = "<group>"; };
		55BDEB181FB1357D00CE4AB8 /* Info.plist */ = {isa = PBXFileReference; lastKnownFileType = text.plist.xml; path = Info.plist; sourceTree = "<group>"; };
		55BDEB2A1FB1366100CE4AB8 /* APIManager.swift */ = {isa = PBXFileReference; lastKnownFileType = sourcecode.swift; path = APIManager.swift; sourceTree = "<group>"; };
		55BDEB2C1FB1368100CE4AB8 /* Request.swift */ = {isa = PBXFileReference; lastKnownFileType = sourcecode.swift; path = Request.swift; sourceTree = "<group>"; };
		55BDEB2E1FB13D6700CE4AB8 /* RecipeTableVC.swift */ = {isa = PBXFileReference; lastKnownFileType = sourcecode.swift; path = RecipeTableVC.swift; sourceTree = "<group>"; };
		55BDEB301FB141AC00CE4AB8 /* RecipeTableViewCell.swift */ = {isa = PBXFileReference; lastKnownFileType = sourcecode.swift; path = RecipeTableViewCell.swift; sourceTree = "<group>"; };
		55BDEB331FB145DF00CE4AB8 /* Constants.swift */ = {isa = PBXFileReference; lastKnownFileType = sourcecode.swift; path = Constants.swift; sourceTree = "<group>"; };
		55BDEB371FB1649C00CE4AB8 /* Colors.swift */ = {isa = PBXFileReference; lastKnownFileType = sourcecode.swift; path = Colors.swift; sourceTree = "<group>"; };
		55BDEB391FB169E300CE4AB8 /* .gitignore */ = {isa = PBXFileReference; fileEncoding = 4; lastKnownFileType = text; path = .gitignore; sourceTree = "<group>"; };
		55BDEB3B1FB17C7000CE4AB8 /* RecipeDetailVC.swift */ = {isa = PBXFileReference; lastKnownFileType = sourcecode.swift; path = RecipeDetailVC.swift; sourceTree = "<group>"; };
		55BDEB3E1FB183FB00CE4AB8 /* Extensions.swift */ = {isa = PBXFileReference; lastKnownFileType = sourcecode.swift; path = Extensions.swift; sourceTree = "<group>"; };
		55BDEB401FB1855D00CE4AB8 /* Recipe.swift */ = {isa = PBXFileReference; lastKnownFileType = sourcecode.swift; path = Recipe.swift; sourceTree = "<group>"; };
		55CE45791FB8F31500E4ED1E /* NoNetworkView.swift */ = {isa = PBXFileReference; lastKnownFileType = sourcecode.swift; path = NoNetworkView.swift; sourceTree = "<group>"; };
		55CE457B1FB918B200E4ED1E /* README.md */ = {isa = PBXFileReference; fileEncoding = 4; lastKnownFileType = net.daringfireball.markdown; path = README.md; sourceTree = "<group>"; };
		55CE45831FB97ED900E4ED1E /* Recipes.jpg */ = {isa = PBXFileReference; lastKnownFileType = image.jpeg; path = Recipes.jpg; sourceTree = "<group>"; };
		55CE45851FB97EDA00E4ED1E /* recipeDetail.jpg */ = {isa = PBXFileReference; lastKnownFileType = image.jpeg; path = recipeDetail.jpg; sourceTree = "<group>"; };
		55CE45891FBA5BF400E4ED1E /* searchTerms.jpg */ = {isa = PBXFileReference; lastKnownFileType = image.jpeg; path = searchTerms.jpg; sourceTree = "<group>"; };
		55CE458B1FBA64C000E4ED1E /* Design.jpg */ = {isa = PBXFileReference; lastKnownFileType = image.jpeg; path = Design.jpg; sourceTree = "<group>"; };
		63EA46D0CC5213E74F715433 /* Pods-BlueCartTests.release.xcconfig */ = {isa = PBXFileReference; includeInIndex = 1; lastKnownFileType = text.xcconfig; name = "Pods-BlueCartTests.release.xcconfig"; path = "Pods/Target Support Files/Pods-BlueCartTests/Pods-BlueCartTests.release.xcconfig"; sourceTree = "<group>"; };
		80874B56565B03C2309010A3 /* Pods-BlueCartTests.debug.xcconfig */ = {isa = PBXFileReference; includeInIndex = 1; lastKnownFileType = text.xcconfig; name = "Pods-BlueCartTests.debug.xcconfig"; path = "Pods/Target Support Files/Pods-BlueCartTests/Pods-BlueCartTests.debug.xcconfig"; sourceTree = "<group>"; };
		86F2FFB4503284ABB54E967F /* Pods_BlueCart.framework */ = {isa = PBXFileReference; explicitFileType = wrapper.framework; includeInIndex = 0; path = Pods_BlueCart.framework; sourceTree = BUILT_PRODUCTS_DIR; };
		BF278AD6C77EF781F90EAA00 /* Pods-BlueCartUITests.debug.xcconfig */ = {isa = PBXFileReference; includeInIndex = 1; lastKnownFileType = text.xcconfig; name = "Pods-BlueCartUITests.debug.xcconfig"; path = "Pods/Target Support Files/Pods-BlueCartUITests/Pods-BlueCartUITests.debug.xcconfig"; sourceTree = "<group>"; };
		E7EEE5721A81F42A4F3603CB /* Pods_BlueCartUITests.framework */ = {isa = PBXFileReference; explicitFileType = wrapper.framework; includeInIndex = 0; path = Pods_BlueCartUITests.framework; sourceTree = BUILT_PRODUCTS_DIR; };
/* End PBXFileReference section */

/* Begin PBXFrameworksBuildPhase section */
		55BDEAED1FB1357D00CE4AB8 /* Frameworks */ = {
			isa = PBXFrameworksBuildPhase;
			buildActionMask = 2147483647;
			files = (
				D599158940DA425634219BE1 /* Pods_BlueCart.framework in Frameworks */,
			);
			runOnlyForDeploymentPostprocessing = 0;
		};
		55BDEB041FB1357D00CE4AB8 /* Frameworks */ = {
			isa = PBXFrameworksBuildPhase;
			buildActionMask = 2147483647;
			files = (
				A8FE30BCE827352DDDAD25FE /* Pods_BlueCartTests.framework in Frameworks */,
			);
			runOnlyForDeploymentPostprocessing = 0;
		};
		55BDEB0F1FB1357D00CE4AB8 /* Frameworks */ = {
			isa = PBXFrameworksBuildPhase;
			buildActionMask = 2147483647;
			files = (
				43E8978CCEB45EB7D7CE6286 /* Pods_BlueCartUITests.framework in Frameworks */,
			);
			runOnlyForDeploymentPostprocessing = 0;
		};
/* End PBXFrameworksBuildPhase section */

/* Begin PBXGroup section */
		552DBC4F1FBB6B13003394D3 /* ReadMeImages */ = {
			isa = PBXGroup;
			children = (
				55CE458B1FBA64C000E4ED1E /* Design.jpg */,
				55CE45831FB97ED900E4ED1E /* Recipes.jpg */,
				55CE45851FB97EDA00E4ED1E /* recipeDetail.jpg */,
				55CE45891FBA5BF400E4ED1E /* searchTerms.jpg */,
			);
			path = ReadMeImages;
			sourceTree = "<group>";
		};
		557FB5DE1FBE882C00A1FB1E /* CoreData */ = {
			isa = PBXGroup;
			children = (
			);
			path = CoreData;
			sourceTree = "<group>";
		};
		557FB5DF1FBFB6DB00A1FB1E /* Cells */ = {
			isa = PBXGroup;
			children = (
				55B35E251FB6B59900061C11 /* IngredientsTableViewCell.swift */,
				55BDEB301FB141AC00CE4AB8 /* RecipeTableViewCell.swift */,
			);
			path = Cells;
			sourceTree = "<group>";
		};
		559029691FB41FAC0055E9D9 /* ViewModels */ = {
			isa = PBXGroup;
			children = (
				5590296A1FB41FC10055E9D9 /* Box.swift */,
				55B35E221FB573DA00061C11 /* RecipeDetailViewModel.swift */,
				5590296C1FB41FFB0055E9D9 /* RecipeTableViewModel.swift */,
			);
			path = ViewModels;
			sourceTree = "<group>";
		};
		55BDEAE71FB1357D00CE4AB8 = {
			isa = PBXGroup;
			children = (
				55CE457B1FB918B200E4ED1E /* README.md */,
				552DBC4F1FBB6B13003394D3 /* ReadMeImages */,
				5590296E1FB4AC320055E9D9 /* recipes.json */,
				55BDEB391FB169E300CE4AB8 /* .gitignore */,
				55BDEAF21FB1357D00CE4AB8 /* BlueCart */,
				55BDEB0A1FB1357D00CE4AB8 /* BlueCartTests */,
				55BDEB151FB1357D00CE4AB8 /* BlueCartUITests */,
				55BDEAF11FB1357D00CE4AB8 /* Products */,
				F6BBF416A0C3B098A1FA78E2 /* Pods */,
				AD5A8696731471876C5CA045 /* Frameworks */,
			);
			sourceTree = "<group>";
		};
		55BDEAF11FB1357D00CE4AB8 /* Products */ = {
			isa = PBXGroup;
			children = (
				55BDEAF01FB1357D00CE4AB8 /* Recipe Finder.app */,
				55BDEB071FB1357D00CE4AB8 /* BlueCartTests.xctest */,
				55BDEB121FB1357D00CE4AB8 /* BlueCartUITests.xctest */,
			);
			name = Products;
			sourceTree = "<group>";
		};
		55BDEAF21FB1357D00CE4AB8 /* BlueCart */ = {
			isa = PBXGroup;
			children = (
				557FB5DE1FBE882C00A1FB1E /* CoreData */,
				55BDEAF31FB1357D00CE4AB8 /* AppDelegate.swift */,
				55BDEAFD1FB1357D00CE4AB8 /* Assets.xcassets */,
				55BDEAFA1FB1357D00CE4AB8 /* BlueCart.xcdatamodeld */,
				55BDEB021FB1357D00CE4AB8 /* Info.plist */,
				55BDEB241FB1358A00CE4AB8 /* Controllers */,
				55BDEB261FB135B200CE4AB8 /* Models */,
				55BDEB291FB1363900CE4AB8 /* Services */,
				55BDEB251FB1359D00CE4AB8 /* Storyboards */,
				55BDEB321FB145CA00CE4AB8 /* Utilities */,
				559029691FB41FAC0055E9D9 /* ViewModels */,
				55BDEB271FB135D400CE4AB8 /* Views */,
			);
			path = BlueCart;
			sourceTree = "<group>";
		};
		55BDEB0A1FB1357D00CE4AB8 /* BlueCartTests */ = {
			isa = PBXGroup;
			children = (
				55BDEB0B1FB1357D00CE4AB8 /* BlueCartTests.swift */,
				55BDEB0D1FB1357D00CE4AB8 /* Info.plist */,
			);
			path = BlueCartTests;
			sourceTree = "<group>";
		};
		55BDEB151FB1357D00CE4AB8 /* BlueCartUITests */ = {
			isa = PBXGroup;
			children = (
				55BDEB161FB1357D00CE4AB8 /* BlueCartUITests.swift */,
				55BDEB181FB1357D00CE4AB8 /* Info.plist */,
			);
			path = BlueCartUITests;
			sourceTree = "<group>";
		};
		55BDEB241FB1358A00CE4AB8 /* Controllers */ = {
			isa = PBXGroup;
			children = (
				55BDEB3B1FB17C7000CE4AB8 /* RecipeDetailVC.swift */,
				55BDEB2E1FB13D6700CE4AB8 /* RecipeTableVC.swift */,
			);
			path = Controllers;
			sourceTree = "<group>";
		};
		55BDEB251FB1359D00CE4AB8 /* Storyboards */ = {
			isa = PBXGroup;
			children = (
				55BDEAFF1FB1357D00CE4AB8 /* LaunchScreen.storyboard */,
				55BDEAF71FB1357D00CE4AB8 /* Main.storyboard */,
			);
			path = Storyboards;
			sourceTree = "<group>";
		};
		55BDEB261FB135B200CE4AB8 /* Models */ = {
			isa = PBXGroup;
			children = (
				55BDEB401FB1855D00CE4AB8 /* Recipe.swift */,
			);
			path = Models;
			sourceTree = "<group>";
		};
		55BDEB271FB135D400CE4AB8 /* Views */ = {
			isa = PBXGroup;
			children = (
				557FB5DF1FBFB6DB00A1FB1E /* Cells */,
			);
			path = Views;
			sourceTree = "<group>";
		};
		55BDEB291FB1363900CE4AB8 /* Services */ = {
			isa = PBXGroup;
			children = (
				55BDEB2A1FB1366100CE4AB8 /* APIManager.swift */,
				559029641FB41A0E0055E9D9 /* DataManager.swift */,
				55BDEB2C1FB1368100CE4AB8 /* Request.swift */,
				557FB5DC1FBE5B7F00A1FB1E /* SaveRecipes.swift */,
			);
			path = Services;
			sourceTree = "<group>";
		};
		55BDEB321FB145CA00CE4AB8 /* Utilities */ = {
			isa = PBXGroup;
			children = (
				559029701FB4B0520055E9D9 /* APIKey.swift */,
				55BDEB371FB1649C00CE4AB8 /* Colors.swift */,
				55BDEB331FB145DF00CE4AB8 /* Constants.swift */,
				55BDEB3E1FB183FB00CE4AB8 /* Extensions.swift */,
				55CE45791FB8F31500E4ED1E /* NoNetworkView.swift */,
			);
			path = Utilities;
			sourceTree = "<group>";
		};
		AD5A8696731471876C5CA045 /* Frameworks */ = {
			isa = PBXGroup;
			children = (
				86F2FFB4503284ABB54E967F /* Pods_BlueCart.framework */,
				0240F110D031172D3A07E793 /* Pods_BlueCartTests.framework */,
				E7EEE5721A81F42A4F3603CB /* Pods_BlueCartUITests.framework */,
			);
			name = Frameworks;
			sourceTree = "<group>";
		};
		F6BBF416A0C3B098A1FA78E2 /* Pods */ = {
			isa = PBXGroup;
			children = (
				1FB0D0D0DD2A62CC70A404B6 /* Pods-BlueCart.debug.xcconfig */,
				50351834EDB0CC0BFBF258A2 /* Pods-BlueCart.release.xcconfig */,
				80874B56565B03C2309010A3 /* Pods-BlueCartTests.debug.xcconfig */,
				63EA46D0CC5213E74F715433 /* Pods-BlueCartTests.release.xcconfig */,
				BF278AD6C77EF781F90EAA00 /* Pods-BlueCartUITests.debug.xcconfig */,
				1D2A05528EA7A9939F80C036 /* Pods-BlueCartUITests.release.xcconfig */,
			);
			name = Pods;
			sourceTree = "<group>";
		};
/* End PBXGroup section */

/* Begin PBXNativeTarget section */
		55BDEAEF1FB1357D00CE4AB8 /* BlueCart */ = {
			isa = PBXNativeTarget;
			buildConfigurationList = 55BDEB1B1FB1357D00CE4AB8 /* Build configuration list for PBXNativeTarget "BlueCart" */;
			buildPhases = (
				19245D7519751507904669BA /* [CP] Check Pods Manifest.lock */,
				55BDEAEC1FB1357D00CE4AB8 /* Sources */,
				55BDEAED1FB1357D00CE4AB8 /* Frameworks */,
				55BDEAEE1FB1357D00CE4AB8 /* Resources */,
				147082850AE2AEAB7EC14D3D /* [CP] Embed Pods Frameworks */,
				2B4BF7B3D99C6E4EFF1A0CDC /* [CP] Copy Pods Resources */,
			);
			buildRules = (
			);
			dependencies = (
			);
			name = BlueCart;
			productName = BlueCart;
			productReference = 55BDEAF01FB1357D00CE4AB8 /* Recipe Finder.app */;
			productType = "com.apple.product-type.application";
		};
		55BDEB061FB1357D00CE4AB8 /* BlueCartTests */ = {
			isa = PBXNativeTarget;
			buildConfigurationList = 55BDEB1E1FB1357D00CE4AB8 /* Build configuration list for PBXNativeTarget "BlueCartTests" */;
			buildPhases = (
				72A037EF0D0AA1A8414DF062 /* [CP] Check Pods Manifest.lock */,
				55BDEB031FB1357D00CE4AB8 /* Sources */,
				55BDEB041FB1357D00CE4AB8 /* Frameworks */,
				55BDEB051FB1357D00CE4AB8 /* Resources */,
				8C205F5A86D0145545DBD601 /* [CP] Embed Pods Frameworks */,
				1617BAF7856B3834753CEB8A /* [CP] Copy Pods Resources */,
			);
			buildRules = (
			);
			dependencies = (
				55BDEB091FB1357D00CE4AB8 /* PBXTargetDependency */,
			);
			name = BlueCartTests;
			productName = BlueCartTests;
			productReference = 55BDEB071FB1357D00CE4AB8 /* BlueCartTests.xctest */;
			productType = "com.apple.product-type.bundle.unit-test";
		};
		55BDEB111FB1357D00CE4AB8 /* BlueCartUITests */ = {
			isa = PBXNativeTarget;
			buildConfigurationList = 55BDEB211FB1357D00CE4AB8 /* Build configuration list for PBXNativeTarget "BlueCartUITests" */;
			buildPhases = (
				42C33A3154F55A37088F8032 /* [CP] Check Pods Manifest.lock */,
				55BDEB0E1FB1357D00CE4AB8 /* Sources */,
				55BDEB0F1FB1357D00CE4AB8 /* Frameworks */,
				55BDEB101FB1357D00CE4AB8 /* Resources */,
				384C6B8BA73F4982E10767A7 /* [CP] Embed Pods Frameworks */,
				30BF1743377665DD64B5515B /* [CP] Copy Pods Resources */,
			);
			buildRules = (
			);
			dependencies = (
				55BDEB141FB1357D00CE4AB8 /* PBXTargetDependency */,
			);
			name = BlueCartUITests;
			productName = BlueCartUITests;
			productReference = 55BDEB121FB1357D00CE4AB8 /* BlueCartUITests.xctest */;
			productType = "com.apple.product-type.bundle.ui-testing";
		};
/* End PBXNativeTarget section */

/* Begin PBXProject section */
		55BDEAE81FB1357D00CE4AB8 /* Project object */ = {
			isa = PBXProject;
			attributes = {
				LastSwiftUpdateCheck = 0910;
				LastUpgradeCheck = 0910;
				ORGANIZATIONNAME = "Dave Rothschild";
				TargetAttributes = {
					55BDEAEF1FB1357D00CE4AB8 = {
						CreatedOnToolsVersion = 9.1;
						ProvisioningStyle = Automatic;
					};
					55BDEB061FB1357D00CE4AB8 = {
						CreatedOnToolsVersion = 9.1;
						ProvisioningStyle = Automatic;
						TestTargetID = 55BDEAEF1FB1357D00CE4AB8;
					};
					55BDEB111FB1357D00CE4AB8 = {
						CreatedOnToolsVersion = 9.1;
						ProvisioningStyle = Automatic;
						TestTargetID = 55BDEAEF1FB1357D00CE4AB8;
					};
				};
			};
			buildConfigurationList = 55BDEAEB1FB1357D00CE4AB8 /* Build configuration list for PBXProject "BlueCart" */;
			compatibilityVersion = "Xcode 8.0";
			developmentRegion = en;
			hasScannedForEncodings = 0;
			knownRegions = (
				en,
				Base,
			);
			mainGroup = 55BDEAE71FB1357D00CE4AB8;
			productRefGroup = 55BDEAF11FB1357D00CE4AB8 /* Products */;
			projectDirPath = "";
			projectRoot = "";
			targets = (
				55BDEAEF1FB1357D00CE4AB8 /* BlueCart */,
				55BDEB061FB1357D00CE4AB8 /* BlueCartTests */,
				55BDEB111FB1357D00CE4AB8 /* BlueCartUITests */,
			);
		};
/* End PBXProject section */

/* Begin PBXResourcesBuildPhase section */
		55BDEAEE1FB1357D00CE4AB8 /* Resources */ = {
			isa = PBXResourcesBuildPhase;
			buildActionMask = 2147483647;
			files = (
				55CE457C1FB918B200E4ED1E /* README.md in Resources */,
				55CE458C1FBA64C000E4ED1E /* Design.jpg in Resources */,
				55CE458A1FBA5BF400E4ED1E /* searchTerms.jpg in Resources */,
				55CE45861FB97EDA00E4ED1E /* Recipes.jpg in Resources */,
				5590296F1FB4AC320055E9D9 /* recipes.json in Resources */,
				55BDEB3A1FB169E300CE4AB8 /* .gitignore in Resources */,
				55CE45881FB97EDA00E4ED1E /* recipeDetail.jpg in Resources */,
				55BDEB011FB1357D00CE4AB8 /* LaunchScreen.storyboard in Resources */,
				55BDEAFE1FB1357D00CE4AB8 /* Assets.xcassets in Resources */,
				55BDEAF91FB1357D00CE4AB8 /* Main.storyboard in Resources */,
			);
			runOnlyForDeploymentPostprocessing = 0;
		};
		55BDEB051FB1357D00CE4AB8 /* Resources */ = {
			isa = PBXResourcesBuildPhase;
			buildActionMask = 2147483647;
			files = (
			);
			runOnlyForDeploymentPostprocessing = 0;
		};
		55BDEB101FB1357D00CE4AB8 /* Resources */ = {
			isa = PBXResourcesBuildPhase;
			buildActionMask = 2147483647;
			files = (
			);
			runOnlyForDeploymentPostprocessing = 0;
		};
/* End PBXResourcesBuildPhase section */

/* Begin PBXShellScriptBuildPhase section */
		147082850AE2AEAB7EC14D3D /* [CP] Embed Pods Frameworks */ = {
			isa = PBXShellScriptBuildPhase;
			buildActionMask = 2147483647;
			files = (
			);
			inputPaths = (
				"${SRCROOT}/Pods/Target Support Files/Pods-BlueCart/Pods-BlueCart-frameworks.sh",
				"${BUILT_PRODUCTS_DIR}/Disk/Disk.framework",
				"${BUILT_PRODUCTS_DIR}/Kingfisher/Kingfisher.framework",
				"${BUILT_PRODUCTS_DIR}/M13Checkbox/M13Checkbox.framework",
				"${BUILT_PRODUCTS_DIR}/ReachabilitySwift/Reachability.framework",
				"${BUILT_PRODUCTS_DIR}/SwiftSpinner/SwiftSpinner.framework",
			);
			name = "[CP] Embed Pods Frameworks";
			outputPaths = (
				"${TARGET_BUILD_DIR}/${FRAMEWORKS_FOLDER_PATH}/Disk.framework",
				"${TARGET_BUILD_DIR}/${FRAMEWORKS_FOLDER_PATH}/Kingfisher.framework",
				"${TARGET_BUILD_DIR}/${FRAMEWORKS_FOLDER_PATH}/M13Checkbox.framework",
				"${TARGET_BUILD_DIR}/${FRAMEWORKS_FOLDER_PATH}/Reachability.framework",
				"${TARGET_BUILD_DIR}/${FRAMEWORKS_FOLDER_PATH}/SwiftSpinner.framework",
			);
			runOnlyForDeploymentPostprocessing = 0;
			shellPath = /bin/sh;
			shellScript = "\"${SRCROOT}/Pods/Target Support Files/Pods-BlueCart/Pods-BlueCart-frameworks.sh\"\n";
			showEnvVarsInLog = 0;
		};
		1617BAF7856B3834753CEB8A /* [CP] Copy Pods Resources */ = {
			isa = PBXShellScriptBuildPhase;
			buildActionMask = 2147483647;
			files = (
			);
			inputPaths = (
			);
			name = "[CP] Copy Pods Resources";
			outputPaths = (
			);
			runOnlyForDeploymentPostprocessing = 0;
			shellPath = /bin/sh;
			shellScript = "\"${SRCROOT}/Pods/Target Support Files/Pods-BlueCartTests/Pods-BlueCartTests-resources.sh\"\n";
			showEnvVarsInLog = 0;
		};
		19245D7519751507904669BA /* [CP] Check Pods Manifest.lock */ = {
			isa = PBXShellScriptBuildPhase;
			buildActionMask = 2147483647;
			files = (
			);
			inputPaths = (
				"${PODS_PODFILE_DIR_PATH}/Podfile.lock",
				"${PODS_ROOT}/Manifest.lock",
			);
			name = "[CP] Check Pods Manifest.lock";
			outputPaths = (
				"$(DERIVED_FILE_DIR)/Pods-BlueCart-checkManifestLockResult.txt",
			);
			runOnlyForDeploymentPostprocessing = 0;
			shellPath = /bin/sh;
			shellScript = "diff \"${PODS_PODFILE_DIR_PATH}/Podfile.lock\" \"${PODS_ROOT}/Manifest.lock\" > /dev/null\nif [ $? != 0 ] ; then\n    # print error to STDERR\n    echo \"error: The sandbox is not in sync with the Podfile.lock. Run 'pod install' or update your CocoaPods installation.\" >&2\n    exit 1\nfi\n# This output is used by Xcode 'outputs' to avoid re-running this script phase.\necho \"SUCCESS\" > \"${SCRIPT_OUTPUT_FILE_0}\"\n";
			showEnvVarsInLog = 0;
		};
		2B4BF7B3D99C6E4EFF1A0CDC /* [CP] Copy Pods Resources */ = {
			isa = PBXShellScriptBuildPhase;
			buildActionMask = 2147483647;
			files = (
			);
			inputPaths = (
			);
			name = "[CP] Copy Pods Resources";
			outputPaths = (
			);
			runOnlyForDeploymentPostprocessing = 0;
			shellPath = /bin/sh;
			shellScript = "\"${SRCROOT}/Pods/Target Support Files/Pods-BlueCart/Pods-BlueCart-resources.sh\"\n";
			showEnvVarsInLog = 0;
		};
		30BF1743377665DD64B5515B /* [CP] Copy Pods Resources */ = {
			isa = PBXShellScriptBuildPhase;
			buildActionMask = 2147483647;
			files = (
			);
			inputPaths = (
			);
			name = "[CP] Copy Pods Resources";
			outputPaths = (
			);
			runOnlyForDeploymentPostprocessing = 0;
			shellPath = /bin/sh;
			shellScript = "\"${SRCROOT}/Pods/Target Support Files/Pods-BlueCartUITests/Pods-BlueCartUITests-resources.sh\"\n";
			showEnvVarsInLog = 0;
		};
		384C6B8BA73F4982E10767A7 /* [CP] Embed Pods Frameworks */ = {
			isa = PBXShellScriptBuildPhase;
			buildActionMask = 2147483647;
			files = (
			);
			inputPaths = (
			);
			name = "[CP] Embed Pods Frameworks";
			outputPaths = (
			);
			runOnlyForDeploymentPostprocessing = 0;
			shellPath = /bin/sh;
			shellScript = "\"${SRCROOT}/Pods/Target Support Files/Pods-BlueCartUITests/Pods-BlueCartUITests-frameworks.sh\"\n";
			showEnvVarsInLog = 0;
		};
		42C33A3154F55A37088F8032 /* [CP] Check Pods Manifest.lock */ = {
			isa = PBXShellScriptBuildPhase;
			buildActionMask = 2147483647;
			files = (
			);
			inputPaths = (
				"${PODS_PODFILE_DIR_PATH}/Podfile.lock",
				"${PODS_ROOT}/Manifest.lock",
			);
			name = "[CP] Check Pods Manifest.lock";
			outputPaths = (
				"$(DERIVED_FILE_DIR)/Pods-BlueCartUITests-checkManifestLockResult.txt",
			);
			runOnlyForDeploymentPostprocessing = 0;
			shellPath = /bin/sh;
			shellScript = "diff \"${PODS_PODFILE_DIR_PATH}/Podfile.lock\" \"${PODS_ROOT}/Manifest.lock\" > /dev/null\nif [ $? != 0 ] ; then\n    # print error to STDERR\n    echo \"error: The sandbox is not in sync with the Podfile.lock. Run 'pod install' or update your CocoaPods installation.\" >&2\n    exit 1\nfi\n# This output is used by Xcode 'outputs' to avoid re-running this script phase.\necho \"SUCCESS\" > \"${SCRIPT_OUTPUT_FILE_0}\"\n";
			showEnvVarsInLog = 0;
		};
		72A037EF0D0AA1A8414DF062 /* [CP] Check Pods Manifest.lock */ = {
			isa = PBXShellScriptBuildPhase;
			buildActionMask = 2147483647;
			files = (
			);
			inputPaths = (
				"${PODS_PODFILE_DIR_PATH}/Podfile.lock",
				"${PODS_ROOT}/Manifest.lock",
			);
			name = "[CP] Check Pods Manifest.lock";
			outputPaths = (
				"$(DERIVED_FILE_DIR)/Pods-BlueCartTests-checkManifestLockResult.txt",
			);
			runOnlyForDeploymentPostprocessing = 0;
			shellPath = /bin/sh;
			shellScript = "diff \"${PODS_PODFILE_DIR_PATH}/Podfile.lock\" \"${PODS_ROOT}/Manifest.lock\" > /dev/null\nif [ $? != 0 ] ; then\n    # print error to STDERR\n    echo \"error: The sandbox is not in sync with the Podfile.lock. Run 'pod install' or update your CocoaPods installation.\" >&2\n    exit 1\nfi\n# This output is used by Xcode 'outputs' to avoid re-running this script phase.\necho \"SUCCESS\" > \"${SCRIPT_OUTPUT_FILE_0}\"\n";
			showEnvVarsInLog = 0;
		};
		8C205F5A86D0145545DBD601 /* [CP] Embed Pods Frameworks */ = {
			isa = PBXShellScriptBuildPhase;
			buildActionMask = 2147483647;
			files = (
			);
			inputPaths = (
			);
			name = "[CP] Embed Pods Frameworks";
			outputPaths = (
			);
			runOnlyForDeploymentPostprocessing = 0;
			shellPath = /bin/sh;
			shellScript = "\"${SRCROOT}/Pods/Target Support Files/Pods-BlueCartTests/Pods-BlueCartTests-frameworks.sh\"\n";
			showEnvVarsInLog = 0;
		};
/* End PBXShellScriptBuildPhase section */

/* Begin PBXSourcesBuildPhase section */
		55BDEAEC1FB1357D00CE4AB8 /* Sources */ = {
			isa = PBXSourcesBuildPhase;
			buildActionMask = 2147483647;
			files = (
				55B35E261FB6B59900061C11 /* IngredientsTableViewCell.swift in Sources */,
				55BDEB2B1FB1366100CE4AB8 /* APIManager.swift in Sources */,
				559029711FB4B0520055E9D9 /* APIKey.swift in Sources */,
				559029651FB41A0E0055E9D9 /* DataManager.swift in Sources */,
				5590296D1FB41FFB0055E9D9 /* RecipeTableViewModel.swift in Sources */,
				55BDEB381FB1649C00CE4AB8 /* Colors.swift in Sources */,
				55BDEAFC1FB1357D00CE4AB8 /* BlueCart.xcdatamodeld in Sources */,
				55CE457A1FB8F31500E4ED1E /* NoNetworkView.swift in Sources */,
				55BDEB411FB1855D00CE4AB8 /* Recipe.swift in Sources */,
				55BDEB3C1FB17C7000CE4AB8 /* RecipeDetailVC.swift in Sources */,
				55BDEB2F1FB13D6700CE4AB8 /* RecipeTableVC.swift in Sources */,
				55BDEB311FB141AC00CE4AB8 /* RecipeTableViewCell.swift in Sources */,
				5590296B1FB41FC10055E9D9 /* Box.swift in Sources */,
				55BDEB341FB145DF00CE4AB8 /* Constants.swift in Sources */,
				557FB5DD1FBE5B7F00A1FB1E /* SaveRecipes.swift in Sources */,
				55B35E231FB573DA00061C11 /* RecipeDetailViewModel.swift in Sources */,
				55BDEB2D1FB1368100CE4AB8 /* Request.swift in Sources */,
				55BDEB3F1FB183FB00CE4AB8 /* Extensions.swift in Sources */,
				55BDEAF41FB1357D00CE4AB8 /* AppDelegate.swift in Sources */,
			);
			runOnlyForDeploymentPostprocessing = 0;
		};
		55BDEB031FB1357D00CE4AB8 /* Sources */ = {
			isa = PBXSourcesBuildPhase;
			buildActionMask = 2147483647;
			files = (
				55BDEB0C1FB1357D00CE4AB8 /* BlueCartTests.swift in Sources */,
			);
			runOnlyForDeploymentPostprocessing = 0;
		};
		55BDEB0E1FB1357D00CE4AB8 /* Sources */ = {
			isa = PBXSourcesBuildPhase;
			buildActionMask = 2147483647;
			files = (
				55BDEB171FB1357D00CE4AB8 /* BlueCartUITests.swift in Sources */,
			);
			runOnlyForDeploymentPostprocessing = 0;
		};
/* End PBXSourcesBuildPhase section */

/* Begin PBXTargetDependency section */
		55BDEB091FB1357D00CE4AB8 /* PBXTargetDependency */ = {
			isa = PBXTargetDependency;
			target = 55BDEAEF1FB1357D00CE4AB8 /* BlueCart */;
			targetProxy = 55BDEB081FB1357D00CE4AB8 /* PBXContainerItemProxy */;
		};
		55BDEB141FB1357D00CE4AB8 /* PBXTargetDependency */ = {
			isa = PBXTargetDependency;
			target = 55BDEAEF1FB1357D00CE4AB8 /* BlueCart */;
			targetProxy = 55BDEB131FB1357D00CE4AB8 /* PBXContainerItemProxy */;
		};
/* End PBXTargetDependency section */

/* Begin PBXVariantGroup section */
		55BDEAF71FB1357D00CE4AB8 /* Main.storyboard */ = {
			isa = PBXVariantGroup;
			children = (
				55BDEAF81FB1357D00CE4AB8 /* Base */,
			);
			name = Main.storyboard;
			sourceTree = "<group>";
		};
		55BDEAFF1FB1357D00CE4AB8 /* LaunchScreen.storyboard */ = {
			isa = PBXVariantGroup;
			children = (
				55BDEB001FB1357D00CE4AB8 /* Base */,
			);
			name = LaunchScreen.storyboard;
			sourceTree = "<group>";
		};
/* End PBXVariantGroup section */

/* Begin XCBuildConfiguration section */
		55BDEB191FB1357D00CE4AB8 /* Debug */ = {
			isa = XCBuildConfiguration;
			buildSettings = {
				ALWAYS_SEARCH_USER_PATHS = NO;
				CLANG_ANALYZER_NONNULL = YES;
				CLANG_ANALYZER_NUMBER_OBJECT_CONVERSION = YES_AGGRESSIVE;
				CLANG_CXX_LANGUAGE_STANDARD = "gnu++14";
				CLANG_CXX_LIBRARY = "libc++";
				CLANG_ENABLE_MODULES = YES;
				CLANG_ENABLE_OBJC_ARC = YES;
				CLANG_WARN_BLOCK_CAPTURE_AUTORELEASING = YES;
				CLANG_WARN_BOOL_CONVERSION = YES;
				CLANG_WARN_COMMA = YES;
				CLANG_WARN_CONSTANT_CONVERSION = YES;
				CLANG_WARN_DIRECT_OBJC_ISA_USAGE = YES_ERROR;
				CLANG_WARN_DOCUMENTATION_COMMENTS = YES;
				CLANG_WARN_EMPTY_BODY = YES;
				CLANG_WARN_ENUM_CONVERSION = YES;
				CLANG_WARN_INFINITE_RECURSION = YES;
				CLANG_WARN_INT_CONVERSION = YES;
				CLANG_WARN_NON_LITERAL_NULL_CONVERSION = YES;
				CLANG_WARN_OBJC_LITERAL_CONVERSION = YES;
				CLANG_WARN_OBJC_ROOT_CLASS = YES_ERROR;
				CLANG_WARN_RANGE_LOOP_ANALYSIS = YES;
				CLANG_WARN_STRICT_PROTOTYPES = YES;
				CLANG_WARN_SUSPICIOUS_MOVE = YES;
				CLANG_WARN_UNGUARDED_AVAILABILITY = YES_AGGRESSIVE;
				CLANG_WARN_UNREACHABLE_CODE = YES;
				CLANG_WARN__DUPLICATE_METHOD_MATCH = YES;
				CODE_SIGN_IDENTITY = "iPhone Developer";
				COPY_PHASE_STRIP = NO;
				DEBUG_INFORMATION_FORMAT = dwarf;
				ENABLE_STRICT_OBJC_MSGSEND = YES;
				ENABLE_TESTABILITY = YES;
				GCC_C_LANGUAGE_STANDARD = gnu11;
				GCC_DYNAMIC_NO_PIC = NO;
				GCC_NO_COMMON_BLOCKS = YES;
				GCC_OPTIMIZATION_LEVEL = 0;
				GCC_PREPROCESSOR_DEFINITIONS = (
					"DEBUG=1",
					"$(inherited)",
				);
				GCC_WARN_64_TO_32_BIT_CONVERSION = YES;
				GCC_WARN_ABOUT_RETURN_TYPE = YES_ERROR;
				GCC_WARN_UNDECLARED_SELECTOR = YES;
				GCC_WARN_UNINITIALIZED_AUTOS = YES_AGGRESSIVE;
				GCC_WARN_UNUSED_FUNCTION = YES;
				GCC_WARN_UNUSED_VARIABLE = YES;
				IPHONEOS_DEPLOYMENT_TARGET = 11.1;
				MTL_ENABLE_DEBUG_INFO = YES;
				ONLY_ACTIVE_ARCH = YES;
				SDKROOT = iphoneos;
				SWIFT_ACTIVE_COMPILATION_CONDITIONS = DEBUG;
				SWIFT_OPTIMIZATION_LEVEL = "-Onone";
			};
			name = Debug;
		};
		55BDEB1A1FB1357D00CE4AB8 /* Release */ = {
			isa = XCBuildConfiguration;
			buildSettings = {
				ALWAYS_SEARCH_USER_PATHS = NO;
				CLANG_ANALYZER_NONNULL = YES;
				CLANG_ANALYZER_NUMBER_OBJECT_CONVERSION = YES_AGGRESSIVE;
				CLANG_CXX_LANGUAGE_STANDARD = "gnu++14";
				CLANG_CXX_LIBRARY = "libc++";
				CLANG_ENABLE_MODULES = YES;
				CLANG_ENABLE_OBJC_ARC = YES;
				CLANG_WARN_BLOCK_CAPTURE_AUTORELEASING = YES;
				CLANG_WARN_BOOL_CONVERSION = YES;
				CLANG_WARN_COMMA = YES;
				CLANG_WARN_CONSTANT_CONVERSION = YES;
				CLANG_WARN_DIRECT_OBJC_ISA_USAGE = YES_ERROR;
				CLANG_WARN_DOCUMENTATION_COMMENTS = YES;
				CLANG_WARN_EMPTY_BODY = YES;
				CLANG_WARN_ENUM_CONVERSION = YES;
				CLANG_WARN_INFINITE_RECURSION = YES;
				CLANG_WARN_INT_CONVERSION = YES;
				CLANG_WARN_NON_LITERAL_NULL_CONVERSION = YES;
				CLANG_WARN_OBJC_LITERAL_CONVERSION = YES;
				CLANG_WARN_OBJC_ROOT_CLASS = YES_ERROR;
				CLANG_WARN_RANGE_LOOP_ANALYSIS = YES;
				CLANG_WARN_STRICT_PROTOTYPES = YES;
				CLANG_WARN_SUSPICIOUS_MOVE = YES;
				CLANG_WARN_UNGUARDED_AVAILABILITY = YES_AGGRESSIVE;
				CLANG_WARN_UNREACHABLE_CODE = YES;
				CLANG_WARN__DUPLICATE_METHOD_MATCH = YES;
				CODE_SIGN_IDENTITY = "iPhone Developer";
				COPY_PHASE_STRIP = NO;
				DEBUG_INFORMATION_FORMAT = "dwarf-with-dsym";
				ENABLE_NS_ASSERTIONS = NO;
				ENABLE_STRICT_OBJC_MSGSEND = YES;
				GCC_C_LANGUAGE_STANDARD = gnu11;
				GCC_NO_COMMON_BLOCKS = YES;
				GCC_WARN_64_TO_32_BIT_CONVERSION = YES;
				GCC_WARN_ABOUT_RETURN_TYPE = YES_ERROR;
				GCC_WARN_UNDECLARED_SELECTOR = YES;
				GCC_WARN_UNINITIALIZED_AUTOS = YES_AGGRESSIVE;
				GCC_WARN_UNUSED_FUNCTION = YES;
				GCC_WARN_UNUSED_VARIABLE = YES;
				IPHONEOS_DEPLOYMENT_TARGET = 11.1;
				MTL_ENABLE_DEBUG_INFO = NO;
				SDKROOT = iphoneos;
				SWIFT_OPTIMIZATION_LEVEL = "-Owholemodule";
				VALIDATE_PRODUCT = YES;
			};
			name = Release;
		};
		55BDEB1C1FB1357D00CE4AB8 /* Debug */ = {
			isa = XCBuildConfiguration;
			baseConfigurationReference = 1FB0D0D0DD2A62CC70A404B6 /* Pods-BlueCart.debug.xcconfig */;
			buildSettings = {
				ALWAYS_EMBED_SWIFT_STANDARD_LIBRARIES = YES;
				ASSETCATALOG_COMPILER_APPICON_NAME = AppIcon;
				CODE_SIGN_STYLE = Automatic;
				DEVELOPMENT_TEAM = 64ZMRUDATB;
				INFOPLIST_FILE = BlueCart/Info.plist;
				IPHONEOS_DEPLOYMENT_TARGET = 9.0;
				LD_RUNPATH_SEARCH_PATHS = "$(inherited) @executable_path/Frameworks";
				PRODUCT_BUNDLE_IDENTIFIER = com.daverothschild.BlueCart;
				PRODUCT_NAME = "Recipe Finder";
				SWIFT_VERSION = 4.0;
				TARGETED_DEVICE_FAMILY = "1,2";
			};
			name = Debug;
		};
		55BDEB1D1FB1357D00CE4AB8 /* Release */ = {
			isa = XCBuildConfiguration;
			baseConfigurationReference = 50351834EDB0CC0BFBF258A2 /* Pods-BlueCart.release.xcconfig */;
			buildSettings = {
				ALWAYS_EMBED_SWIFT_STANDARD_LIBRARIES = YES;
				ASSETCATALOG_COMPILER_APPICON_NAME = AppIcon;
				CODE_SIGN_STYLE = Automatic;
				DEVELOPMENT_TEAM = 64ZMRUDATB;
				INFOPLIST_FILE = BlueCart/Info.plist;
				IPHONEOS_DEPLOYMENT_TARGET = 9.0;
				LD_RUNPATH_SEARCH_PATHS = "$(inherited) @executable_path/Frameworks";
				PRODUCT_BUNDLE_IDENTIFIER = com.daverothschild.BlueCart;
				PRODUCT_NAME = "Recipe Finder";
				SWIFT_VERSION = 4.0;
				TARGETED_DEVICE_FAMILY = "1,2";
			};
			name = Release;
		};
		55BDEB1F1FB1357D00CE4AB8 /* Debug */ = {
			isa = XCBuildConfiguration;
			baseConfigurationReference = 80874B56565B03C2309010A3 /* Pods-BlueCartTests.debug.xcconfig */;
			buildSettings = {
				ALWAYS_EMBED_SWIFT_STANDARD_LIBRARIES = YES;
				BUNDLE_LOADER = "$(TEST_HOST)";
				CODE_SIGN_STYLE = Automatic;
				DEVELOPMENT_TEAM = 64ZMRUDATB;
				INFOPLIST_FILE = BlueCartTests/Info.plist;
				LD_RUNPATH_SEARCH_PATHS = "$(inherited) @executable_path/Frameworks @loader_path/Frameworks";
				PRODUCT_BUNDLE_IDENTIFIER = com.daverothschild.BlueCartTests;
				PRODUCT_NAME = "$(TARGET_NAME)";
				SWIFT_VERSION = 4.0;
				TARGETED_DEVICE_FAMILY = "1,2";
				TEST_HOST = "$(BUILT_PRODUCTS_DIR)/Recipe Finder.app/Recipe Finder";
			};
			name = Debug;
		};
		55BDEB201FB1357D00CE4AB8 /* Release */ = {
			isa = XCBuildConfiguration;
			baseConfigurationReference = 63EA46D0CC5213E74F715433 /* Pods-BlueCartTests.release.xcconfig */;
			buildSettings = {
				ALWAYS_EMBED_SWIFT_STANDARD_LIBRARIES = YES;
				BUNDLE_LOADER = "$(TEST_HOST)";
				CODE_SIGN_STYLE = Automatic;
				DEVELOPMENT_TEAM = 64ZMRUDATB;
				INFOPLIST_FILE = BlueCartTests/Info.plist;
				LD_RUNPATH_SEARCH_PATHS = "$(inherited) @executable_path/Frameworks @loader_path/Frameworks";
				PRODUCT_BUNDLE_IDENTIFIER = com.daverothschild.BlueCartTests;
				PRODUCT_NAME = "$(TARGET_NAME)";
				SWIFT_VERSION = 4.0;
				TARGETED_DEVICE_FAMILY = "1,2";
				TEST_HOST = "$(BUILT_PRODUCTS_DIR)/Recipe Finder.app/Recipe Finder";
			};
			name = Release;
		};
		55BDEB221FB1357D00CE4AB8 /* Debug */ = {
			isa = XCBuildConfiguration;
			baseConfigurationReference = BF278AD6C77EF781F90EAA00 /* Pods-BlueCartUITests.debug.xcconfig */;
			buildSettings = {
				ALWAYS_EMBED_SWIFT_STANDARD_LIBRARIES = YES;
				CODE_SIGN_STYLE = Automatic;
				DEVELOPMENT_TEAM = 64ZMRUDATB;
				INFOPLIST_FILE = BlueCartUITests/Info.plist;
				LD_RUNPATH_SEARCH_PATHS = "$(inherited) @executable_path/Frameworks @loader_path/Frameworks";
				PRODUCT_BUNDLE_IDENTIFIER = com.daverothschild.BlueCartUITests;
				PRODUCT_NAME = "$(TARGET_NAME)";
				SWIFT_VERSION = 4.0;
				TARGETED_DEVICE_FAMILY = "1,2";
				TEST_TARGET_NAME = BlueCart;
			};
			name = Debug;
		};
		55BDEB231FB1357D00CE4AB8 /* Release */ = {
			isa = XCBuildConfiguration;
			baseConfigurationReference = 1D2A05528EA7A9939F80C036 /* Pods-BlueCartUITests.release.xcconfig */;
			buildSettings = {
				ALWAYS_EMBED_SWIFT_STANDARD_LIBRARIES = YES;
				CODE_SIGN_STYLE = Automatic;
				DEVELOPMENT_TEAM = 64ZMRUDATB;
				INFOPLIST_FILE = BlueCartUITests/Info.plist;
				LD_RUNPATH_SEARCH_PATHS = "$(inherited) @executable_path/Frameworks @loader_path/Frameworks";
				PRODUCT_BUNDLE_IDENTIFIER = com.daverothschild.BlueCartUITests;
				PRODUCT_NAME = "$(TARGET_NAME)";
				SWIFT_VERSION = 4.0;
				TARGETED_DEVICE_FAMILY = "1,2";
				TEST_TARGET_NAME = BlueCart;
			};
			name = Release;
		};
/* End XCBuildConfiguration section */

/* Begin XCConfigurationList section */
		55BDEAEB1FB1357D00CE4AB8 /* Build configuration list for PBXProject "BlueCart" */ = {
			isa = XCConfigurationList;
			buildConfigurations = (
				55BDEB191FB1357D00CE4AB8 /* Debug */,
				55BDEB1A1FB1357D00CE4AB8 /* Release */,
			);
			defaultConfigurationIsVisible = 0;
			defaultConfigurationName = Release;
		};
		55BDEB1B1FB1357D00CE4AB8 /* Build configuration list for PBXNativeTarget "BlueCart" */ = {
			isa = XCConfigurationList;
			buildConfigurations = (
				55BDEB1C1FB1357D00CE4AB8 /* Debug */,
				55BDEB1D1FB1357D00CE4AB8 /* Release */,
			);
			defaultConfigurationIsVisible = 0;
			defaultConfigurationName = Release;
		};
		55BDEB1E1FB1357D00CE4AB8 /* Build configuration list for PBXNativeTarget "BlueCartTests" */ = {
			isa = XCConfigurationList;
			buildConfigurations = (
				55BDEB1F1FB1357D00CE4AB8 /* Debug */,
				55BDEB201FB1357D00CE4AB8 /* Release */,
			);
			defaultConfigurationIsVisible = 0;
			defaultConfigurationName = Release;
		};
		55BDEB211FB1357D00CE4AB8 /* Build configuration list for PBXNativeTarget "BlueCartUITests" */ = {
			isa = XCConfigurationList;
			buildConfigurations = (
				55BDEB221FB1357D00CE4AB8 /* Debug */,
				55BDEB231FB1357D00CE4AB8 /* Release */,
			);
			defaultConfigurationIsVisible = 0;
			defaultConfigurationName = Release;
		};
/* End XCConfigurationList section */

/* Begin XCVersionGroup section */
		55BDEAFA1FB1357D00CE4AB8 /* BlueCart.xcdatamodeld */ = {
			isa = XCVersionGroup;
			children = (
				55BDEAFB1FB1357D00CE4AB8 /* BlueCart.xcdatamodel */,
			);
			currentVersion = 55BDEAFB1FB1357D00CE4AB8 /* BlueCart.xcdatamodel */;
			path = BlueCart.xcdatamodeld;
			sourceTree = "<group>";
			versionGroupType = wrapper.xcdatamodel;
		};
/* End XCVersionGroup section */
	};
	rootObject = 55BDEAE81FB1357D00CE4AB8 /* Project object */;
}
